
Microsoft Visual Studio Solution File, Format Version 12.00
# Visual Studio Version 17
VisualStudioVersion = 17.7.34221.43
MinimumVisualStudioVersion = 10.0.40219.1
Project("{FAE04EC0-301F-11D3-BF4B-00C04F79EFBC}") = "ExtensionMethodMiniApp", "ExtensionMethodMiniApp\ExtensionMethodMiniApp.csproj", "{5A54E35C-CFEF-4BDC-B555-751AE31FD413}"
EndProject
Global
	GlobalSection(SolutionConfigurationPlatforms) = preSolution
		Debug|Any CPU = Debug|Any CPU
		Release|Any CPU = Release|Any CPU
	EndGlobalSection
	GlobalSection(ProjectConfigurationPlatforms) = postSolution
		{5A54E35C-CFEF-4BDC-B555-751AE31FD413}.Debug|Any CPU.ActiveCfg = Debug|Any CPU
		{5A54E35C-CFEF-4BDC-B555-751AE31FD413}.Debug|Any CPU.Build.0 = Debug|Any CPU
		{5A54E35C-CFEF-4BDC-B555-751AE31FD413}.Release|Any CPU.ActiveCfg = Release|Any CPU
		{5A54E35C-CFEF-4BDC-B555-751AE31FD413}.Release|Any CPU.Build.0 = Release|Any CPU
	EndGlobalSection
	GlobalSection(SolutionProperties) = preSolution
		HideSolutionNode = FALSE
	EndGlobalSection
	GlobalSection(ExtensibilityGlobals) = postSolution
		SolutionGuid = {B630E54D-C442-43A2-88B6-8B7EF13F29DB}
	EndGlobalSection
EndGlobal
